
Microsoft Visual Studio Solution File, Format Version 12.00
# Visual Studio Version 17
VisualStudioVersion = 17.7.34031.279
MinimumVisualStudioVersion = 10.0.40219.1
Project("{2150E333-8FDC-42A3-9474-1A3956D46DE8}") = "src", "src", "{BB865CB8-B088-4E7F-8859-DE2B2A9E3B6B}"
EndProject
Project("{2150E333-8FDC-42A3-9474-1A3956D46DE8}") = "tests", "tests", "{6D0106D7-EB5F-4B3E-A5A3-AC3B71C9750A}"
EndProject
Project("{2150E333-8FDC-42A3-9474-1A3956D46DE8}") = "BuildingBlocks", "BuildingBlocks", "{6D22CF0E-B4AB-4947-81D9-DE09F004CD56}"
EndProject
Project("{2150E333-8FDC-42A3-9474-1A3956D46DE8}") = "EventBus", "EventBus", "{07CEE94A-6909-4E38-A0F1-B1F355753D2B}"
EndProject
Project("{9A19103F-16F7-4668-BE54-9A1E7A4F7556}") = "Common.Logging", "src\BuildingBlocks\Common.Logging\Common.Logging.csproj", "{B2031A2F-52DD-4122-A467-02E0EF1128F9}"
EndProject
Project("{9A19103F-16F7-4668-BE54-9A1E7A4F7556}") = "Contracts", "src\BuildingBlocks\Contracts\Contracts.csproj", "{CAFFF8D6-5DB4-4661-BAA1-5FF37AC972F7}"
EndProject
Project("{9A19103F-16F7-4668-BE54-9A1E7A4F7556}") = "Infrastructure", "src\BuildingBlocks\Infrastructure\Infrastructure.csproj", "{1E008BF9-BFC1-4F5C-BB41-F4DCF982D3F0}"
EndProject
Project("{9A19103F-16F7-4668-BE54-9A1E7A4F7556}") = "Shared", "src\BuildingBlocks\Shared\Shared.csproj", "{6769195A-9252-4270-BBBA-7767B7FD4276}"
EndProject
Project("{9A19103F-16F7-4668-BE54-9A1E7A4F7556}") = "EventBus.Messages", "src\BuildingBlocks\EventBus\EventBus.Messages\EventBus.Messages.csproj", "{798839A8-C8DE-4881-A87B-DFD7BD5A5DC9}"
EndProject
Project("{2150E333-8FDC-42A3-9474-1A3956D46DE8}") = "WebApps", "WebApps", "{EA1BC576-BF05-464B-9FA5-CAB9BBE00CB6}"
EndProject
Project("{2150E333-8FDC-42A3-9474-1A3956D46DE8}") = "Services", "Services", "{81B2D00C-11A4-4CD3-BE72-1E5596D56029}"
EndProject
Project("{9A19103F-16F7-4668-BE54-9A1E7A4F7556}") = "WebHealthStatus", "src\WebApps\WebHealthStatus\WebHealthStatus.csproj", "{4395DABC-243C-4073-AA0D-C322A92DAC3E}"
EndProject
Project("{9A19103F-16F7-4668-BE54-9A1E7A4F7556}") = "AzureBlob.API", "src\Services\AzureBlob\AzureBlob.API\AzureBlob.API.csproj", "{3C6C7F1E-1F6A-454B-B3D2-A6230E60C49C}"
EndProject
Project("{2150E333-8FDC-42A3-9474-1A3956D46DE8}") = "AzureBlob", "AzureBlob", "{71DE406F-2CF9-496E-AA1B-7BA31960C9FD}"
EndProject
Project("{2150E333-8FDC-42A3-9474-1A3956D46DE8}") = "Hangfire", "Hangfire", "{8A114D1B-1B09-440D-89E4-C92B756D1505}"
EndProject
Project("{2150E333-8FDC-42A3-9474-1A3956D46DE8}") = "Manga", "Manga", "{72C991E5-9412-4376-AED5-11443B432F56}"
EndProject
Project("{2150E333-8FDC-42A3-9474-1A3956D46DE8}") = "Payment", "Payment", "{9264C519-FCB0-472F-9651-ED0BB6559717}"
EndProject
Project("{2150E333-8FDC-42A3-9474-1A3956D46DE8}") = "SignalR", "SignalR", "{42A441F6-F2F2-4A1E-9EE6-0B521E185903}"
EndProject
Project("{2150E333-8FDC-42A3-9474-1A3956D46DE8}") = "Translation", "Translation", "{6AB6D3DC-0B29-4FC7-850D-6D373C3C83F6}"
EndProject
Project("{2150E333-8FDC-42A3-9474-1A3956D46DE8}") = "User", "User", "{816886A6-BE87-474E-A3C5-151A1ABA9F61}"
EndProject
Project("{9A19103F-16F7-4668-BE54-9A1E7A4F7556}") = "Hangfire.API", "src\Services\Hangfire\Hangfire.API\Hangfire.API.csproj", "{92A2777B-CD45-4B01-893D-29B0D5669023}"
EndProject
Project("{9A19103F-16F7-4668-BE54-9A1E7A4F7556}") = "Manga.API", "src\Services\Manga\Manga.API\Manga.API.csproj", "{A2E6E550-9E7F-4565-844C-941674A86032}"
EndProject
Project("{9A19103F-16F7-4668-BE54-9A1E7A4F7556}") = "Payment.API", "src\Services\Payment\Payment.API\Payment.API.csproj", "{6BEA1FE7-3FB0-4A06-9895-7A4617EC8D71}"
EndProject
Project("{9A19103F-16F7-4668-BE54-9A1E7A4F7556}") = "SignalR.API", "src\Services\SignalR\SignalR.API\SignalR.API.csproj", "{20E1E553-5B92-4632-86C6-C9D5891BC6C6}"
EndProject
Project("{9A19103F-16F7-4668-BE54-9A1E7A4F7556}") = "Translation.API", "src\Services\Translation\Translation.API\Translation.API.csproj", "{4FC8C521-EB02-4880-86B7-107A0B94C25B}"
EndProject
Project("{9A19103F-16F7-4668-BE54-9A1E7A4F7556}") = "User.API", "src\Services\User\User.API\User.API.csproj", "{F899066E-D6D8-4AAC-8312-83940E506624}"
EndProject
Project("{9A19103F-16F7-4668-BE54-9A1E7A4F7556}") = "Manga.Application", "src\Services\Manga\Manga.Application\Manga.Application.csproj", "{0B63B880-50AF-466E-915B-7C0635D0558E}"
EndProject
Project("{9A19103F-16F7-4668-BE54-9A1E7A4F7556}") = "Manga.Infrastructure", "src\Services\Manga\Manga.Infrastructure\Manga.Infrastructure.csproj", "{18E3610C-2F8A-45C0-B7DE-B02D6846C835}"
EndProject
Project("{2150E333-8FDC-42A3-9474-1A3956D46DE8}") = "ElasticSearch", "ElasticSearch", "{D983426C-43DA-4090-8476-994631CF40AC}"
EndProject
Project("{9A19103F-16F7-4668-BE54-9A1E7A4F7556}") = "ElasticSearch.API", "src\Services\ElasticSearch\ElasticSearch.API\ElasticSearch.API.csproj", "{EF60FBD9-393C-425A-A765-8B3E5D64BE07}"
EndProject
Global
	GlobalSection(SolutionConfigurationPlatforms) = preSolution
		Debug|Any CPU = Debug|Any CPU
		Release|Any CPU = Release|Any CPU
	EndGlobalSection
	GlobalSection(ProjectConfigurationPlatforms) = postSolution
		{B2031A2F-52DD-4122-A467-02E0EF1128F9}.Debug|Any CPU.ActiveCfg = Debug|Any CPU
		{B2031A2F-52DD-4122-A467-02E0EF1128F9}.Debug|Any CPU.Build.0 = Debug|Any CPU
		{B2031A2F-52DD-4122-A467-02E0EF1128F9}.Release|Any CPU.ActiveCfg = Release|Any CPU
		{B2031A2F-52DD-4122-A467-02E0EF1128F9}.Release|Any CPU.Build.0 = Release|Any CPU
		{CAFFF8D6-5DB4-4661-BAA1-5FF37AC972F7}.Debug|Any CPU.ActiveCfg = Debug|Any CPU
		{CAFFF8D6-5DB4-4661-BAA1-5FF37AC972F7}.Debug|Any CPU.Build.0 = Debug|Any CPU
		{CAFFF8D6-5DB4-4661-BAA1-5FF37AC972F7}.Release|Any CPU.ActiveCfg = Release|Any CPU
		{CAFFF8D6-5DB4-4661-BAA1-5FF37AC972F7}.Release|Any CPU.Build.0 = Release|Any CPU
		{1E008BF9-BFC1-4F5C-BB41-F4DCF982D3F0}.Debug|Any CPU.ActiveCfg = Debug|Any CPU
		{1E008BF9-BFC1-4F5C-BB41-F4DCF982D3F0}.Debug|Any CPU.Build.0 = Debug|Any CPU
		{1E008BF9-BFC1-4F5C-BB41-F4DCF982D3F0}.Release|Any CPU.ActiveCfg = Release|Any CPU
		{1E008BF9-BFC1-4F5C-BB41-F4DCF982D3F0}.Release|Any CPU.Build.0 = Release|Any CPU
		{6769195A-9252-4270-BBBA-7767B7FD4276}.Debug|Any CPU.ActiveCfg = Debug|Any CPU
		{6769195A-9252-4270-BBBA-7767B7FD4276}.Debug|Any CPU.Build.0 = Debug|Any CPU
		{6769195A-9252-4270-BBBA-7767B7FD4276}.Release|Any CPU.ActiveCfg = Release|Any CPU
		{6769195A-9252-4270-BBBA-7767B7FD4276}.Release|Any CPU.Build.0 = Release|Any CPU
		{798839A8-C8DE-4881-A87B-DFD7BD5A5DC9}.Debug|Any CPU.ActiveCfg = Debug|Any CPU
		{798839A8-C8DE-4881-A87B-DFD7BD5A5DC9}.Debug|Any CPU.Build.0 = Debug|Any CPU
		{798839A8-C8DE-4881-A87B-DFD7BD5A5DC9}.Release|Any CPU.ActiveCfg = Release|Any CPU
		{798839A8-C8DE-4881-A87B-DFD7BD5A5DC9}.Release|Any CPU.Build.0 = Release|Any CPU
		{4395DABC-243C-4073-AA0D-C322A92DAC3E}.Debug|Any CPU.ActiveCfg = Debug|Any CPU
		{4395DABC-243C-4073-AA0D-C322A92DAC3E}.Debug|Any CPU.Build.0 = Debug|Any CPU
		{4395DABC-243C-4073-AA0D-C322A92DAC3E}.Release|Any CPU.ActiveCfg = Release|Any CPU
		{4395DABC-243C-4073-AA0D-C322A92DAC3E}.Release|Any CPU.Build.0 = Release|Any CPU
		{3C6C7F1E-1F6A-454B-B3D2-A6230E60C49C}.Debug|Any CPU.ActiveCfg = Debug|Any CPU
		{3C6C7F1E-1F6A-454B-B3D2-A6230E60C49C}.Debug|Any CPU.Build.0 = Debug|Any CPU
		{3C6C7F1E-1F6A-454B-B3D2-A6230E60C49C}.Release|Any CPU.ActiveCfg = Release|Any CPU
		{3C6C7F1E-1F6A-454B-B3D2-A6230E60C49C}.Release|Any CPU.Build.0 = Release|Any CPU
		{92A2777B-CD45-4B01-893D-29B0D5669023}.Debug|Any CPU.ActiveCfg = Debug|Any CPU
		{92A2777B-CD45-4B01-893D-29B0D5669023}.Debug|Any CPU.Build.0 = Debug|Any CPU
		{92A2777B-CD45-4B01-893D-29B0D5669023}.Release|Any CPU.ActiveCfg = Release|Any CPU
		{92A2777B-CD45-4B01-893D-29B0D5669023}.Release|Any CPU.Build.0 = Release|Any CPU
		{A2E6E550-9E7F-4565-844C-941674A86032}.Debug|Any CPU.ActiveCfg = Debug|Any CPU
		{A2E6E550-9E7F-4565-844C-941674A86032}.Debug|Any CPU.Build.0 = Debug|Any CPU
		{A2E6E550-9E7F-4565-844C-941674A86032}.Release|Any CPU.ActiveCfg = Release|Any CPU
		{A2E6E550-9E7F-4565-844C-941674A86032}.Release|Any CPU.Build.0 = Release|Any CPU
		{6BEA1FE7-3FB0-4A06-9895-7A4617EC8D71}.Debug|Any CPU.ActiveCfg = Debug|Any CPU
		{6BEA1FE7-3FB0-4A06-9895-7A4617EC8D71}.Debug|Any CPU.Build.0 = Debug|Any CPU
		{6BEA1FE7-3FB0-4A06-9895-7A4617EC8D71}.Release|Any CPU.ActiveCfg = Release|Any CPU
		{6BEA1FE7-3FB0-4A06-9895-7A4617EC8D71}.Release|Any CPU.Build.0 = Release|Any CPU
		{20E1E553-5B92-4632-86C6-C9D5891BC6C6}.Debug|Any CPU.ActiveCfg = Debug|Any CPU
		{20E1E553-5B92-4632-86C6-C9D5891BC6C6}.Debug|Any CPU.Build.0 = Debug|Any CPU
		{20E1E553-5B92-4632-86C6-C9D5891BC6C6}.Release|Any CPU.ActiveCfg = Release|Any CPU
		{20E1E553-5B92-4632-86C6-C9D5891BC6C6}.Release|Any CPU.Build.0 = Release|Any CPU
		{4FC8C521-EB02-4880-86B7-107A0B94C25B}.Debug|Any CPU.ActiveCfg = Debug|Any CPU
		{4FC8C521-EB02-4880-86B7-107A0B94C25B}.Debug|Any CPU.Build.0 = Debug|Any CPU
		{4FC8C521-EB02-4880-86B7-107A0B94C25B}.Release|Any CPU.ActiveCfg = Release|Any CPU
		{4FC8C521-EB02-4880-86B7-107A0B94C25B}.Release|Any CPU.Build.0 = Release|Any CPU
		{F899066E-D6D8-4AAC-8312-83940E506624}.Debug|Any CPU.ActiveCfg = Debug|Any CPU
		{F899066E-D6D8-4AAC-8312-83940E506624}.Debug|Any CPU.Build.0 = Debug|Any CPU
		{F899066E-D6D8-4AAC-8312-83940E506624}.Release|Any CPU.ActiveCfg = Release|Any CPU
		{F899066E-D6D8-4AAC-8312-83940E506624}.Release|Any CPU.Build.0 = Release|Any CPU
		{0B63B880-50AF-466E-915B-7C0635D0558E}.Debug|Any CPU.ActiveCfg = Debug|Any CPU
		{0B63B880-50AF-466E-915B-7C0635D0558E}.Debug|Any CPU.Build.0 = Debug|Any CPU
		{0B63B880-50AF-466E-915B-7C0635D0558E}.Release|Any CPU.ActiveCfg = Release|Any CPU
		{0B63B880-50AF-466E-915B-7C0635D0558E}.Release|Any CPU.Build.0 = Release|Any CPU
		{18E3610C-2F8A-45C0-B7DE-B02D6846C835}.Debug|Any CPU.ActiveCfg = Debug|Any CPU
		{18E3610C-2F8A-45C0-B7DE-B02D6846C835}.Debug|Any CPU.Build.0 = Debug|Any CPU
		{18E3610C-2F8A-45C0-B7DE-B02D6846C835}.Release|Any CPU.ActiveCfg = Release|Any CPU
		{18E3610C-2F8A-45C0-B7DE-B02D6846C835}.Release|Any CPU.Build.0 = Release|Any CPU
		{EF60FBD9-393C-425A-A765-8B3E5D64BE07}.Debug|Any CPU.ActiveCfg = Debug|Any CPU
		{EF60FBD9-393C-425A-A765-8B3E5D64BE07}.Debug|Any CPU.Build.0 = Debug|Any CPU
		{EF60FBD9-393C-425A-A765-8B3E5D64BE07}.Release|Any CPU.ActiveCfg = Release|Any CPU
		{EF60FBD9-393C-425A-A765-8B3E5D64BE07}.Release|Any CPU.Build.0 = Release|Any CPU
	EndGlobalSection
	GlobalSection(SolutionProperties) = preSolution
		HideSolutionNode = FALSE
	EndGlobalSection
	GlobalSection(NestedProjects) = preSolution
		{6D22CF0E-B4AB-4947-81D9-DE09F004CD56} = {BB865CB8-B088-4E7F-8859-DE2B2A9E3B6B}
		{07CEE94A-6909-4E38-A0F1-B1F355753D2B} = {6D22CF0E-B4AB-4947-81D9-DE09F004CD56}
		{B2031A2F-52DD-4122-A467-02E0EF1128F9} = {6D22CF0E-B4AB-4947-81D9-DE09F004CD56}
		{CAFFF8D6-5DB4-4661-BAA1-5FF37AC972F7} = {6D22CF0E-B4AB-4947-81D9-DE09F004CD56}
		{1E008BF9-BFC1-4F5C-BB41-F4DCF982D3F0} = {6D22CF0E-B4AB-4947-81D9-DE09F004CD56}
		{6769195A-9252-4270-BBBA-7767B7FD4276} = {6D22CF0E-B4AB-4947-81D9-DE09F004CD56}
		{798839A8-C8DE-4881-A87B-DFD7BD5A5DC9} = {07CEE94A-6909-4E38-A0F1-B1F355753D2B}
		{EA1BC576-BF05-464B-9FA5-CAB9BBE00CB6} = {BB865CB8-B088-4E7F-8859-DE2B2A9E3B6B}
		{81B2D00C-11A4-4CD3-BE72-1E5596D56029} = {BB865CB8-B088-4E7F-8859-DE2B2A9E3B6B}
		{4395DABC-243C-4073-AA0D-C322A92DAC3E} = {EA1BC576-BF05-464B-9FA5-CAB9BBE00CB6}
		{3C6C7F1E-1F6A-454B-B3D2-A6230E60C49C} = {71DE406F-2CF9-496E-AA1B-7BA31960C9FD}
		{71DE406F-2CF9-496E-AA1B-7BA31960C9FD} = {81B2D00C-11A4-4CD3-BE72-1E5596D56029}
		{8A114D1B-1B09-440D-89E4-C92B756D1505} = {81B2D00C-11A4-4CD3-BE72-1E5596D56029}
		{72C991E5-9412-4376-AED5-11443B432F56} = {81B2D00C-11A4-4CD3-BE72-1E5596D56029}
		{9264C519-FCB0-472F-9651-ED0BB6559717} = {81B2D00C-11A4-4CD3-BE72-1E5596D56029}
		{42A441F6-F2F2-4A1E-9EE6-0B521E185903} = {81B2D00C-11A4-4CD3-BE72-1E5596D56029}
		{6AB6D3DC-0B29-4FC7-850D-6D373C3C83F6} = {81B2D00C-11A4-4CD3-BE72-1E5596D56029}
		{816886A6-BE87-474E-A3C5-151A1ABA9F61} = {81B2D00C-11A4-4CD3-BE72-1E5596D56029}
		{92A2777B-CD45-4B01-893D-29B0D5669023} = {8A114D1B-1B09-440D-89E4-C92B756D1505}
		{A2E6E550-9E7F-4565-844C-941674A86032} = {72C991E5-9412-4376-AED5-11443B432F56}
		{6BEA1FE7-3FB0-4A06-9895-7A4617EC8D71} = {9264C519-FCB0-472F-9651-ED0BB6559717}
		{20E1E553-5B92-4632-86C6-C9D5891BC6C6} = {42A441F6-F2F2-4A1E-9EE6-0B521E185903}
		{4FC8C521-EB02-4880-86B7-107A0B94C25B} = {6AB6D3DC-0B29-4FC7-850D-6D373C3C83F6}
		{F899066E-D6D8-4AAC-8312-83940E506624} = {816886A6-BE87-474E-A3C5-151A1ABA9F61}
		{0B63B880-50AF-466E-915B-7C0635D0558E} = {72C991E5-9412-4376-AED5-11443B432F56}
		{18E3610C-2F8A-45C0-B7DE-B02D6846C835} = {72C991E5-9412-4376-AED5-11443B432F56}
		{D983426C-43DA-4090-8476-994631CF40AC} = {81B2D00C-11A4-4CD3-BE72-1E5596D56029}
		{EF60FBD9-393C-425A-A765-8B3E5D64BE07} = {D983426C-43DA-4090-8476-994631CF40AC}
	EndGlobalSection
	GlobalSection(ExtensibilityGlobals) = postSolution
		SolutionGuid = {28F19872-26EC-4614-B42D-6DC7CCB1D7A1}
	EndGlobalSection
EndGlobal
